
Microsoft Visual Studio Solution File, Format Version 12.00
# Visual Studio Version 17
VisualStudioVersion = 17.0.32014.148
MinimumVisualStudioVersion = 10.0.40219.1
Project("{2150E333-8FDC-42A3-9474-1A3956D46DE8}") = "src", "src", "{6FA953FC-536F-4467-AA89-493393F5E344}"
EndProject
Project("{2150E333-8FDC-42A3-9474-1A3956D46DE8}") = "Building Blocks", "Building Blocks", "{523A7C9C-CE14-476C-BFD7-DE9A44DABAA1}"
	ProjectSection(SolutionItems) = preProject
		Docker_RabbitMQ_CMD.txt = Docker_RabbitMQ_CMD.txt
	EndProjectSection
EndProject
Project("{2150E333-8FDC-42A3-9474-1A3956D46DE8}") = "Services", "Services", "{DA63D568-F132-4C3C-ABBF-15E3C27CC925}"
EndProject
Project("{2150E333-8FDC-42A3-9474-1A3956D46DE8}") = "Web", "Web", "{30F5B719-807B-4D29-AF0C-E1AD348A79CF}"
EndProject
Project("{2150E333-8FDC-42A3-9474-1A3956D46DE8}") = "Identidade", "Identidade", "{CA9E0DB4-9513-44B9-B150-79A8A85DBEAD}"
EndProject
Project("{9A19103F-16F7-4668-BE54-9A1E7A4F7556}") = "NSE.Identidade.API", "src\services\NSE.Identidade.API\NSE.Identidade.API.csproj", "{0E08712C-E0DA-4BDA-AD13-283A4BEBBFDB}"
EndProject
Project("{2150E333-8FDC-42A3-9474-1A3956D46DE8}") = "MVC", "MVC", "{270888B4-3F18-4BA1-9C13-F9B931DF1C25}"
EndProject
Project("{9A19103F-16F7-4668-BE54-9A1E7A4F7556}") = "NSE.WebApp.MVC", "src\web\NSE.WebApp.MVC\NSE.WebApp.MVC.csproj", "{CF5062F8-F504-4834-89A5-B2490F5F197C}"
EndProject
Project("{2150E333-8FDC-42A3-9474-1A3956D46DE8}") = "Core", "Core", "{6C9EBC68-6CD3-4F2D-855B-2B8DDBFA1B35}"
EndProject
Project("{9A19103F-16F7-4668-BE54-9A1E7A4F7556}") = "NSE.Core", "src\building blocks\NSE.Core\NSE.Core.csproj", "{F2E20C74-D610-44F3-A583-2598CD4F3EFB}"
EndProject
Project("{2150E333-8FDC-42A3-9474-1A3956D46DE8}") = "Carrinho", "Carrinho", "{726286F4-635D-4169-9D1F-D674A8E26D1C}"
EndProject
Project("{2150E333-8FDC-42A3-9474-1A3956D46DE8}") = "Catalogo", "Catalogo", "{EA0065CB-1D93-40C9-AEB0-8C3913163C7B}"
EndProject
Project("{2150E333-8FDC-42A3-9474-1A3956D46DE8}") = "Cliente", "Cliente", "{00857703-F96A-4ACC-A7D2-208F55B1171C}"
EndProject
Project("{2150E333-8FDC-42A3-9474-1A3956D46DE8}") = "Pagamento", "Pagamento", "{F3BB983A-1A7E-41C1-AC00-F3A6AE6CAA96}"
EndProject
Project("{2150E333-8FDC-42A3-9474-1A3956D46DE8}") = "Pedido", "Pedido", "{90863F91-A852-4CEC-8E8F-3E4D78C67069}"
EndProject
Project("{9A19103F-16F7-4668-BE54-9A1E7A4F7556}") = "NSE.Carrinho.API", "src\services\NSE.Carrinho.API\NSE.Carrinho.API.csproj", "{A2D9A7F7-45DF-4247-9CB2-642D0D1E00BE}"
EndProject
Project("{9A19103F-16F7-4668-BE54-9A1E7A4F7556}") = "NSE.Catalogo.API", "src\services\NSE.Catalogo.API\NSE.Catalogo.API.csproj", "{12130E45-8214-4B10-A5FB-DE846A32964D}"
EndProject
Project("{9A19103F-16F7-4668-BE54-9A1E7A4F7556}") = "NSE.Cliente.API", "src\services\NSE.Cliente.API\NSE.Cliente.API.csproj", "{16222700-FC3C-4613-A5CD-4106AA0E3A71}"
EndProject
Project("{9A19103F-16F7-4668-BE54-9A1E7A4F7556}") = "NSE.Pagamento.API", "src\services\NSE.Pagamento.API\NSE.Pagamento.API.csproj", "{42879D6A-7B3A-4E2C-809F-5F3B94E920DA}"
EndProject
Project("{9A19103F-16F7-4668-BE54-9A1E7A4F7556}") = "NSE.Pedido.API", "src\services\NSE.Pedido.API\NSE.Pedido.API.csproj", "{7552B552-AC4A-43A3-9C7F-94FED5664547}"
EndProject
Project("{9A19103F-16F7-4668-BE54-9A1E7A4F7556}") = "NSE.WebAPI.Core", "src\building blocks\NSE.WebAPI.Core\NSE.WebAPI.Core.csproj", "{076A4547-7DFD-489E-BFAB-E151A7F12A37}"
EndProject
Project("{2150E333-8FDC-42A3-9474-1A3956D46DE8}") = "Services", "Services", "{00BAD85F-10CC-4184-8150-F79682C9C7F8}"
EndProject
Global
	GlobalSection(SolutionConfigurationPlatforms) = preSolution
		Debug|Any CPU = Debug|Any CPU
		Release|Any CPU = Release|Any CPU
	EndGlobalSection
	GlobalSection(ProjectConfigurationPlatforms) = postSolution
		{0E08712C-E0DA-4BDA-AD13-283A4BEBBFDB}.Debug|Any CPU.ActiveCfg = Debug|Any CPU
		{0E08712C-E0DA-4BDA-AD13-283A4BEBBFDB}.Debug|Any CPU.Build.0 = Debug|Any CPU
		{0E08712C-E0DA-4BDA-AD13-283A4BEBBFDB}.Release|Any CPU.ActiveCfg = Release|Any CPU
		{0E08712C-E0DA-4BDA-AD13-283A4BEBBFDB}.Release|Any CPU.Build.0 = Release|Any CPU
		{CF5062F8-F504-4834-89A5-B2490F5F197C}.Debug|Any CPU.ActiveCfg = Debug|Any CPU
		{CF5062F8-F504-4834-89A5-B2490F5F197C}.Debug|Any CPU.Build.0 = Debug|Any CPU
		{CF5062F8-F504-4834-89A5-B2490F5F197C}.Release|Any CPU.ActiveCfg = Release|Any CPU
		{CF5062F8-F504-4834-89A5-B2490F5F197C}.Release|Any CPU.Build.0 = Release|Any CPU
		{F2E20C74-D610-44F3-A583-2598CD4F3EFB}.Debug|Any CPU.ActiveCfg = Debug|Any CPU
		{F2E20C74-D610-44F3-A583-2598CD4F3EFB}.Debug|Any CPU.Build.0 = Debug|Any CPU
		{F2E20C74-D610-44F3-A583-2598CD4F3EFB}.Release|Any CPU.ActiveCfg = Release|Any CPU
		{F2E20C74-D610-44F3-A583-2598CD4F3EFB}.Release|Any CPU.Build.0 = Release|Any CPU
		{A2D9A7F7-45DF-4247-9CB2-642D0D1E00BE}.Debug|Any CPU.ActiveCfg = Debug|Any CPU
		{A2D9A7F7-45DF-4247-9CB2-642D0D1E00BE}.Debug|Any CPU.Build.0 = Debug|Any CPU
		{A2D9A7F7-45DF-4247-9CB2-642D0D1E00BE}.Release|Any CPU.ActiveCfg = Release|Any CPU
		{A2D9A7F7-45DF-4247-9CB2-642D0D1E00BE}.Release|Any CPU.Build.0 = Release|Any CPU
		{12130E45-8214-4B10-A5FB-DE846A32964D}.Debug|Any CPU.ActiveCfg = Debug|Any CPU
		{12130E45-8214-4B10-A5FB-DE846A32964D}.Debug|Any CPU.Build.0 = Debug|Any CPU
		{12130E45-8214-4B10-A5FB-DE846A32964D}.Release|Any CPU.ActiveCfg = Release|Any CPU
		{12130E45-8214-4B10-A5FB-DE846A32964D}.Release|Any CPU.Build.0 = Release|Any CPU
		{16222700-FC3C-4613-A5CD-4106AA0E3A71}.Debug|Any CPU.ActiveCfg = Debug|Any CPU
		{16222700-FC3C-4613-A5CD-4106AA0E3A71}.Debug|Any CPU.Build.0 = Debug|Any CPU
		{16222700-FC3C-4613-A5CD-4106AA0E3A71}.Release|Any CPU.ActiveCfg = Release|Any CPU
		{16222700-FC3C-4613-A5CD-4106AA0E3A71}.Release|Any CPU.Build.0 = Release|Any CPU
		{42879D6A-7B3A-4E2C-809F-5F3B94E920DA}.Debug|Any CPU.ActiveCfg = Debug|Any CPU
		{42879D6A-7B3A-4E2C-809F-5F3B94E920DA}.Debug|Any CPU.Build.0 = Debug|Any CPU
		{42879D6A-7B3A-4E2C-809F-5F3B94E920DA}.Release|Any CPU.ActiveCfg = Release|Any CPU
		{42879D6A-7B3A-4E2C-809F-5F3B94E920DA}.Release|Any CPU.Build.0 = Release|Any CPU
		{7552B552-AC4A-43A3-9C7F-94FED5664547}.Debug|Any CPU.ActiveCfg = Debug|Any CPU
		{7552B552-AC4A-43A3-9C7F-94FED5664547}.Debug|Any CPU.Build.0 = Debug|Any CPU
		{7552B552-AC4A-43A3-9C7F-94FED5664547}.Release|Any CPU.ActiveCfg = Release|Any CPU
		{7552B552-AC4A-43A3-9C7F-94FED5664547}.Release|Any CPU.Build.0 = Release|Any CPU
		{076A4547-7DFD-489E-BFAB-E151A7F12A37}.Debug|Any CPU.ActiveCfg = Debug|Any CPU
		{076A4547-7DFD-489E-BFAB-E151A7F12A37}.Debug|Any CPU.Build.0 = Debug|Any CPU
		{076A4547-7DFD-489E-BFAB-E151A7F12A37}.Release|Any CPU.ActiveCfg = Release|Any CPU
		{076A4547-7DFD-489E-BFAB-E151A7F12A37}.Release|Any CPU.Build.0 = Release|Any CPU
	EndGlobalSection
	GlobalSection(SolutionProperties) = preSolution
		HideSolutionNode = FALSE
	EndGlobalSection
	GlobalSection(NestedProjects) = preSolution
		{523A7C9C-CE14-476C-BFD7-DE9A44DABAA1} = {6FA953FC-536F-4467-AA89-493393F5E344}
		{DA63D568-F132-4C3C-ABBF-15E3C27CC925} = {6FA953FC-536F-4467-AA89-493393F5E344}
		{30F5B719-807B-4D29-AF0C-E1AD348A79CF} = {6FA953FC-536F-4467-AA89-493393F5E344}
		{CA9E0DB4-9513-44B9-B150-79A8A85DBEAD} = {DA63D568-F132-4C3C-ABBF-15E3C27CC925}
		{0E08712C-E0DA-4BDA-AD13-283A4BEBBFDB} = {CA9E0DB4-9513-44B9-B150-79A8A85DBEAD}
		{270888B4-3F18-4BA1-9C13-F9B931DF1C25} = {30F5B719-807B-4D29-AF0C-E1AD348A79CF}
		{CF5062F8-F504-4834-89A5-B2490F5F197C} = {270888B4-3F18-4BA1-9C13-F9B931DF1C25}
		{6C9EBC68-6CD3-4F2D-855B-2B8DDBFA1B35} = {523A7C9C-CE14-476C-BFD7-DE9A44DABAA1}
		{F2E20C74-D610-44F3-A583-2598CD4F3EFB} = {6C9EBC68-6CD3-4F2D-855B-2B8DDBFA1B35}
		{726286F4-635D-4169-9D1F-D674A8E26D1C} = {DA63D568-F132-4C3C-ABBF-15E3C27CC925}
		{EA0065CB-1D93-40C9-AEB0-8C3913163C7B} = {DA63D568-F132-4C3C-ABBF-15E3C27CC925}
		{00857703-F96A-4ACC-A7D2-208F55B1171C} = {DA63D568-F132-4C3C-ABBF-15E3C27CC925}
		{F3BB983A-1A7E-41C1-AC00-F3A6AE6CAA96} = {DA63D568-F132-4C3C-ABBF-15E3C27CC925}
		{90863F91-A852-4CEC-8E8F-3E4D78C67069} = {DA63D568-F132-4C3C-ABBF-15E3C27CC925}
		{A2D9A7F7-45DF-4247-9CB2-642D0D1E00BE} = {726286F4-635D-4169-9D1F-D674A8E26D1C}
		{12130E45-8214-4B10-A5FB-DE846A32964D} = {EA0065CB-1D93-40C9-AEB0-8C3913163C7B}
		{16222700-FC3C-4613-A5CD-4106AA0E3A71} = {00857703-F96A-4ACC-A7D2-208F55B1171C}
		{42879D6A-7B3A-4E2C-809F-5F3B94E920DA} = {F3BB983A-1A7E-41C1-AC00-F3A6AE6CAA96}
		{7552B552-AC4A-43A3-9C7F-94FED5664547} = {90863F91-A852-4CEC-8E8F-3E4D78C67069}
		{076A4547-7DFD-489E-BFAB-E151A7F12A37} = {00BAD85F-10CC-4184-8150-F79682C9C7F8}
		{00BAD85F-10CC-4184-8150-F79682C9C7F8} = {523A7C9C-CE14-476C-BFD7-DE9A44DABAA1}
	EndGlobalSection
	GlobalSection(ExtensibilityGlobals) = postSolution
		SolutionGuid = {B913202E-63C9-45DF-ADD9-809FF7B4AC9E}
	EndGlobalSection
EndGlobal
